
Microsoft Visual Studio Solution File, Format Version 12.00
# Visual Studio 15
VisualStudioVersion = 15.0.28307.757
MinimumVisualStudioVersion = 10.0.40219.1
Project("{9A19103F-16F7-4668-BE54-9A1E7A4F7556}") = "WebApplication", "WebApplication\WebApplication.csproj", "{74065A66-62A9-4255-9F67-0DDC7951AB12}"
EndProject
Project("{2150E333-8FDC-42A3-9474-1A3956D46DE8}") = "Tests", "Tests", "{08D8FF1F-D80D-41BC-9756-A80692429E16}"
EndProject
Project("{FAE04EC0-301F-11D3-BF4B-00C04F79EFBC}") = "WebApplication.Services", "WebApplication.Services\WebApplication.Services.csproj", "{4B305DE8-2DE4-42CF-8C7B-8B7CEBDF7C16}"
EndProject
Project("{FAE04EC0-301F-11D3-BF4B-00C04F79EFBC}") = "WebApplication.Services.Tests", "WebApplication.Services.Tests\WebApplication.Services.Tests.csproj", "{92F03385-0A8D-4719-8450-02A75FAF0F7E}"
EndProject
Global
	GlobalSection(SolutionConfigurationPlatforms) = preSolution
		Debug|Any CPU = Debug|Any CPU
		Release|Any CPU = Release|Any CPU
	EndGlobalSection
	GlobalSection(ProjectConfigurationPlatforms) = postSolution
		{74065A66-62A9-4255-9F67-0DDC7951AB12}.Debug|Any CPU.ActiveCfg = Debug|Any CPU
		{74065A66-62A9-4255-9F67-0DDC7951AB12}.Debug|Any CPU.Build.0 = Debug|Any CPU
		{74065A66-62A9-4255-9F67-0DDC7951AB12}.Release|Any CPU.ActiveCfg = Release|Any CPU
		{74065A66-62A9-4255-9F67-0DDC7951AB12}.Release|Any CPU.Build.0 = Release|Any CPU
		{4B305DE8-2DE4-42CF-8C7B-8B7CEBDF7C16}.Debug|Any CPU.ActiveCfg = Debug|Any CPU
		{4B305DE8-2DE4-42CF-8C7B-8B7CEBDF7C16}.Debug|Any CPU.Build.0 = Debug|Any CPU
		{4B305DE8-2DE4-42CF-8C7B-8B7CEBDF7C16}.Release|Any CPU.ActiveCfg = Release|Any CPU
		{4B305DE8-2DE4-42CF-8C7B-8B7CEBDF7C16}.Release|Any CPU.Build.0 = Release|Any CPU
		{92F03385-0A8D-4719-8450-02A75FAF0F7E}.Debug|Any CPU.ActiveCfg = Debug|Any CPU
		{92F03385-0A8D-4719-8450-02A75FAF0F7E}.Debug|Any CPU.Build.0 = Debug|Any CPU
		{92F03385-0A8D-4719-8450-02A75FAF0F7E}.Release|Any CPU.ActiveCfg = Release|Any CPU
		{92F03385-0A8D-4719-8450-02A75FAF0F7E}.Release|Any CPU.Build.0 = Release|Any CPU
	EndGlobalSection
	GlobalSection(SolutionProperties) = preSolution
		HideSolutionNode = FALSE
	EndGlobalSection
	GlobalSection(NestedProjects) = preSolution
		{92F03385-0A8D-4719-8450-02A75FAF0F7E} = {08D8FF1F-D80D-41BC-9756-A80692429E16}
	EndGlobalSection
	GlobalSection(ExtensibilityGlobals) = postSolution
		SolutionGuid = {9E91B9BC-FC81-44EA-B99B-DE0CBCBD4A1B}
	EndGlobalSection
EndGlobal
